
Microsoft Visual Studio Solution File, Format Version 12.00
# Visual Studio Version 17
VisualStudioVersion = 17.3.32804.467
MinimumVisualStudioVersion = 10.0.40219.1
Project("{FAE04EC0-301F-11D3-BF4B-00C04F79EFBC}") = "ConsoleApp12", "ConsoleApp12.csproj", "{F84A0449-5C93-4287-949E-84762ACC603A}"
EndProject
Global
	GlobalSection(SolutionConfigurationPlatforms) = preSolution
		Debug|Any CPU = Debug|Any CPU
		Release|Any CPU = Release|Any CPU
	EndGlobalSection
	GlobalSection(ProjectConfigurationPlatforms) = postSolution
		{F84A0449-5C93-4287-949E-84762ACC603A}.Debug|Any CPU.ActiveCfg = Debug|Any CPU
		{F84A0449-5C93-4287-949E-84762ACC603A}.Debug|Any CPU.Build.0 = Debug|Any CPU
		{F84A0449-5C93-4287-949E-84762ACC603A}.Release|Any CPU.ActiveCfg = Release|Any CPU
		{F84A0449-5C93-4287-949E-84762ACC603A}.Release|Any CPU.Build.0 = Release|Any CPU
	EndGlobalSection
	GlobalSection(SolutionProperties) = preSolution
		HideSolutionNode = FALSE
	EndGlobalSection
	GlobalSection(ExtensibilityGlobals) = postSolution
		SolutionGuid = {2A6A4263-5B20-42CA-844C-3C62B81C43BA}
	EndGlobalSection
EndGlobal
